// !$*UTF8*$!
{
	archiveVersion = 1;
	classes = {
	};
	objectVersion = 50;
	objects = {

/* Begin PBXBuildFile section */
		A9DEF56422B700F500FB46AA /* AppDelegate.swift in Sources */ = {isa = PBXBuildFile; fileRef = A9DEF56322B700F500FB46AA /* AppDelegate.swift */; };
		A9DEF56722B700F500FB46AA /* MergeChangesPlay.xcdatamodeld in Sources */ = {isa = PBXBuildFile; fileRef = A9DEF56522B700F500FB46AA /* MergeChangesPlay.xcdatamodeld */; };
		A9DEF56922B700F500FB46AA /* MasterViewController.swift in Sources */ = {isa = PBXBuildFile; fileRef = A9DEF56822B700F500FB46AA /* MasterViewController.swift */; };
		A9DEF56B22B700F500FB46AA /* DetailViewController.swift in Sources */ = {isa = PBXBuildFile; fileRef = A9DEF56A22B700F500FB46AA /* DetailViewController.swift */; };
		A9DEF56E22B700F500FB46AA /* Main.storyboard in Resources */ = {isa = PBXBuildFile; fileRef = A9DEF56C22B700F500FB46AA /* Main.storyboard */; };
		A9DEF57022B700F500FB46AA /* Assets.xcassets in Resources */ = {isa = PBXBuildFile; fileRef = A9DEF56F22B700F500FB46AA /* Assets.xcassets */; };
		A9DEF57322B700F600FB46AA /* LaunchScreen.storyboard in Resources */ = {isa = PBXBuildFile; fileRef = A9DEF57122B700F600FB46AA /* LaunchScreen.storyboard */; };
		A9DEF57E22B700F600FB46AA /* MergeChangesPlayTests.swift in Sources */ = {isa = PBXBuildFile; fileRef = A9DEF57D22B700F600FB46AA /* MergeChangesPlayTests.swift */; };
		A9DEF58922B7388100FB46AA /* XCTestCase+Utility.swift in Sources */ = {isa = PBXBuildFile; fileRef = A9DEF58822B7388100FB46AA /* XCTestCase+Utility.swift */; };
/* End PBXBuildFile section */

/* Begin PBXContainerItemProxy section */
		A9DEF57A22B700F600FB46AA /* PBXContainerItemProxy */ = {
			isa = PBXContainerItemProxy;
			containerPortal = A9DEF55822B700F500FB46AA /* Project object */;
			proxyType = 1;
			remoteGlobalIDString = A9DEF55F22B700F500FB46AA;
			remoteInfo = MergeChangesPlay;
		};
/* End PBXContainerItemProxy section */

/* Begin PBXFileReference section */
		A9DEF56022B700F500FB46AA /* MergeChangesPlay.app */ = {isa = PBXFileReference; explicitFileType = wrapper.application; includeInIndex = 0; path = MergeChangesPlay.app; sourceTree = BUILT_PRODUCTS_DIR; };
		A9DEF56322B700F500FB46AA /* AppDelegate.swift */ = {isa = PBXFileReference; lastKnownFileType = sourcecode.swift; path = AppDelegate.swift; sourceTree = "<group>"; };
		A9DEF56622B700F500FB46AA /* MergeChangesPlay.xcdatamodel */ = {isa = PBXFileReference; lastKnownFileType = wrapper.xcdatamodel; path = MergeChangesPlay.xcdatamodel; sourceTree = "<group>"; };
		A9DEF56822B700F500FB46AA /* MasterViewController.swift */ = {isa = PBXFileReference; lastKnownFileType = sourcecode.swift; path = MasterViewController.swift; sourceTree = "<group>"; };
		A9DEF56A22B700F500FB46AA /* DetailViewController.swift */ = {isa = PBXFileReference; lastKnownFileType = sourcecode.swift; path = DetailViewController.swift; sourceTree = "<group>"; };
		A9DEF56D22B700F500FB46AA /* Base */ = {isa = PBXFileReference; lastKnownFileType = file.storyboard; name = Base; path = Base.lproj/Main.storyboard; sourceTree = "<group>"; };
		A9DEF56F22B700F500FB46AA /* Assets.xcassets */ = {isa = PBXFileReference; lastKnownFileType = folder.assetcatalog; path = Assets.xcassets; sourceTree = "<group>"; };
		A9DEF57222B700F600FB46AA /* Base */ = {isa = PBXFileReference; lastKnownFileType = file.storyboard; name = Base; path = Base.lproj/LaunchScreen.storyboard; sourceTree = "<group>"; };
		A9DEF57422B700F600FB46AA /* Info.plist */ = {isa = PBXFileReference; lastKnownFileType = text.plist.xml; path = Info.plist; sourceTree = "<group>"; };
		A9DEF57922B700F600FB46AA /* MergeChangesPlayTests.xctest */ = {isa = PBXFileReference; explicitFileType = wrapper.cfbundle; includeInIndex = 0; path = MergeChangesPlayTests.xctest; sourceTree = BUILT_PRODUCTS_DIR; };
		A9DEF57D22B700F600FB46AA /* MergeChangesPlayTests.swift */ = {isa = PBXFileReference; lastKnownFileType = sourcecode.swift; path = MergeChangesPlayTests.swift; sourceTree = "<group>"; };
		A9DEF57F22B700F600FB46AA /* Info.plist */ = {isa = PBXFileReference; lastKnownFileType = text.plist.xml; path = Info.plist; sourceTree = "<group>"; };
		A9DEF58822B7388100FB46AA /* XCTestCase+Utility.swift */ = {isa = PBXFileReference; lastKnownFileType = sourcecode.swift; path = "XCTestCase+Utility.swift"; sourceTree = "<group>"; };
/* End PBXFileReference section */

/* Begin PBXFrameworksBuildPhase section */
		A9DEF55D22B700F500FB46AA /* Frameworks */ = {
			isa = PBXFrameworksBuildPhase;
			buildActionMask = 2147483647;
			files = (
			);
			runOnlyForDeploymentPostprocessing = 0;
		};
		A9DEF57622B700F600FB46AA /* Frameworks */ = {
			isa = PBXFrameworksBuildPhase;
			buildActionMask = 2147483647;
			files = (
			);
			runOnlyForDeploymentPostprocessing = 0;
		};
/* End PBXFrameworksBuildPhase section */

/* Begin PBXGroup section */
		A9DEF55722B700F500FB46AA = {
			isa = PBXGroup;
			children = (
				A9DEF56222B700F500FB46AA /* MergeChangesPlay */,
				A9DEF57C22B700F600FB46AA /* MergeChangesPlayTests */,
				A9DEF56122B700F500FB46AA /* Products */,
			);
			sourceTree = "<group>";
		};
		A9DEF56122B700F500FB46AA /* Products */ = {
			isa = PBXGroup;
			children = (
				A9DEF56022B700F500FB46AA /* MergeChangesPlay.app */,
				A9DEF57922B700F600FB46AA /* MergeChangesPlayTests.xctest */,
			);
			name = Products;
			sourceTree = "<group>";
		};
		A9DEF56222B700F500FB46AA /* MergeChangesPlay */ = {
			isa = PBXGroup;
			children = (
				A9DEF56322B700F500FB46AA /* AppDelegate.swift */,
				A9DEF56822B700F500FB46AA /* MasterViewController.swift */,
				A9DEF56A22B700F500FB46AA /* DetailViewController.swift */,
				A9DEF56C22B700F500FB46AA /* Main.storyboard */,
				A9DEF56F22B700F500FB46AA /* Assets.xcassets */,
				A9DEF57122B700F600FB46AA /* LaunchScreen.storyboard */,
				A9DEF57422B700F600FB46AA /* Info.plist */,
				A9DEF56522B700F500FB46AA /* MergeChangesPlay.xcdatamodeld */,
			);
			path = MergeChangesPlay;
			sourceTree = "<group>";
		};
		A9DEF57C22B700F600FB46AA /* MergeChangesPlayTests */ = {
			isa = PBXGroup;
			children = (
				A9DEF57D22B700F600FB46AA /* MergeChangesPlayTests.swift */,
				A9DEF57F22B700F600FB46AA /* Info.plist */,
				A9DEF58822B7388100FB46AA /* XCTestCase+Utility.swift */,
			);
			path = MergeChangesPlayTests;
			sourceTree = "<group>";
		};
/* End PBXGroup section */

/* Begin PBXNativeTarget section */
		A9DEF55F22B700F500FB46AA /* MergeChangesPlay */ = {
			isa = PBXNativeTarget;
			buildConfigurationList = A9DEF58222B700F600FB46AA /* Build configuration list for PBXNativeTarget "MergeChangesPlay" */;
			buildPhases = (
				A9DEF55C22B700F500FB46AA /* Sources */,
				A9DEF55D22B700F500FB46AA /* Frameworks */,
				A9DEF55E22B700F500FB46AA /* Resources */,
			);
			buildRules = (
			);
			dependencies = (
			);
			name = MergeChangesPlay;
			productName = MergeChangesPlay;
			productReference = A9DEF56022B700F500FB46AA /* MergeChangesPlay.app */;
			productType = "com.apple.product-type.application";
		};
		A9DEF57822B700F600FB46AA /* MergeChangesPlayTests */ = {
			isa = PBXNativeTarget;
			buildConfigurationList = A9DEF58522B700F600FB46AA /* Build configuration list for PBXNativeTarget "MergeChangesPlayTests" */;
			buildPhases = (
				A9DEF57522B700F600FB46AA /* Sources */,
				A9DEF57622B700F600FB46AA /* Frameworks */,
				A9DEF57722B700F600FB46AA /* Resources */,
			);
			buildRules = (
			);
			dependencies = (
				A9DEF57B22B700F600FB46AA /* PBXTargetDependency */,
			);
			name = MergeChangesPlayTests;
			productName = MergeChangesPlayTests;
			productReference = A9DEF57922B700F600FB46AA /* MergeChangesPlayTests.xctest */;
			productType = "com.apple.product-type.bundle.unit-test";
		};
/* End PBXNativeTarget section */

/* Begin PBXProject section */
		A9DEF55822B700F500FB46AA /* Project object */ = {
			isa = PBXProject;
			attributes = {
				LastSwiftUpdateCheck = 1020;
				LastUpgradeCheck = 1020;
				ORGANIZATIONNAME = Bill;
				TargetAttributes = {
					A9DEF55F22B700F500FB46AA = {
						CreatedOnToolsVersion = 10.2.1;
					};
					A9DEF57822B700F600FB46AA = {
						CreatedOnToolsVersion = 10.2.1;
						TestTargetID = A9DEF55F22B700F500FB46AA;
					};
				};
			};
			buildConfigurationList = A9DEF55B22B700F500FB46AA /* Build configuration list for PBXProject "MergeChangesPlay" */;
			compatibilityVersion = "Xcode 9.3";
			developmentRegion = en;
			hasScannedForEncodings = 0;
			knownRegions = (
				en,
				Base,
			);
			mainGroup = A9DEF55722B700F500FB46AA;
			productRefGroup = A9DEF56122B700F500FB46AA /* Products */;
			projectDirPath = "";
			projectRoot = "";
			targets = (
				A9DEF55F22B700F500FB46AA /* MergeChangesPlay */,
				A9DEF57822B700F600FB46AA /* MergeChangesPlayTests */,
			);
		};
/* End PBXProject section */

/* Begin PBXResourcesBuildPhase section */
		A9DEF55E22B700F500FB46AA /* Resources */ = {
			isa = PBXResourcesBuildPhase;
			buildActionMask = 2147483647;
			files = (
				A9DEF57322B700F600FB46AA /* LaunchScreen.storyboard in Resources */,
				A9DEF57022B700F500FB46AA /* Assets.xcassets in Resources */,
				A9DEF56E22B700F500FB46AA /* Main.storyboard in Resources */,
			);
			runOnlyForDeploymentPostprocessing = 0;
		};
		A9DEF57722B700F600FB46AA /* Resources */ = {
			isa = PBXResourcesBuildPhase;
			buildActionMask = 2147483647;
			files = (
			);
			runOnlyForDeploymentPostprocessing = 0;
		};
/* End PBXResourcesBuildPhase section */

/* Begin PBXSourcesBuildPhase section */
		A9DEF55C22B700F500FB46AA /* Sources */ = {
			isa = PBXSourcesBuildPhase;
			buildActionMask = 2147483647;
			files = (
				A9DEF56722B700F500FB46AA /* MergeChangesPlay.xcdatamodeld in Sources */,
				A9DEF56422B700F500FB46AA /* AppDelegate.swift in Sources */,
				A9DEF56922B700F500FB46AA /* MasterViewController.swift in Sources */,
				A9DEF56B22B700F500FB46AA /* DetailViewController.swift in Sources */,
			);
			runOnlyForDeploymentPostprocessing = 0;
		};
		A9DEF57522B700F600FB46AA /* Sources */ = {
			isa = PBXSourcesBuildPhase;
			buildActionMask = 2147483647;
			files = (
				A9DEF57E22B700F600FB46AA /* MergeChangesPlayTests.swift in Sources */,
				A9DEF58922B7388100FB46AA /* XCTestCase+Utility.swift in Sources */,
			);
			runOnlyForDeploymentPostprocessing = 0;
		};
/* End PBXSourcesBuildPhase section */

/* Begin PBXTargetDependency section */
		A9DEF57B22B700F600FB46AA /* PBXTargetDependency */ = {
			isa = PBXTargetDependency;
			target = A9DEF55F22B700F500FB46AA /* MergeChangesPlay */;
			targetProxy = A9DEF57A22B700F600FB46AA /* PBXContainerItemProxy */;
		};
/* End PBXTargetDependency section */

/* Begin PBXVariantGroup section */
		A9DEF56C22B700F500FB46AA /* Main.storyboard */ = {
			isa = PBXVariantGroup;
			children = (
				A9DEF56D22B700F500FB46AA /* Base */,
			);
			name = Main.storyboard;
			sourceTree = "<group>";
		};
		A9DEF57122B700F600FB46AA /* LaunchScreen.storyboard */ = {
			isa = PBXVariantGroup;
			children = (
				A9DEF57222B700F600FB46AA /* Base */,
			);
			name = LaunchScreen.storyboard;
			sourceTree = "<group>";
		};
/* End PBXVariantGroup section */

/* Begin XCBuildConfiguration section */
		A9DEF58022B700F600FB46AA /* Debug */ = {
			isa = XCBuildConfiguration;
			buildSettings = {
				ALWAYS_SEARCH_USER_PATHS = NO;
				CLANG_ANALYZER_NONNULL = YES;
				CLANG_ANALYZER_NUMBER_OBJECT_CONVERSION = YES_AGGRESSIVE;
				CLANG_CXX_LANGUAGE_STANDARD = "gnu++14";
				CLANG_CXX_LIBRARY = "libc++";
				CLANG_ENABLE_MODULES = YES;
				CLANG_ENABLE_OBJC_ARC = YES;
				CLANG_ENABLE_OBJC_WEAK = YES;
				CLANG_WARN_BLOCK_CAPTURE_AUTORELEASING = YES;
				CLANG_WARN_BOOL_CONVERSION = YES;
				CLANG_WARN_COMMA = YES;
				CLANG_WARN_CONSTANT_CONVERSION = YES;
				CLANG_WARN_DEPRECATED_OBJC_IMPLEMENTATIONS = YES;
				CLANG_WARN_DIRECT_OBJC_ISA_USAGE = YES_ERROR;
				CLANG_WARN_DOCUMENTATION_COMMENTS = YES;
				CLANG_WARN_EMPTY_BODY = YES;
				CLANG_WARN_ENUM_CONVERSION = YES;
				CLANG_WARN_INFINITE_RECURSION = YES;
				CLANG_WARN_INT_CONVERSION = YES;
				CLANG_WARN_NON_LITERAL_NULL_CONVERSION = YES;
				CLANG_WARN_OBJC_IMPLICIT_RETAIN_SELF = YES;
				CLANG_WARN_OBJC_LITERAL_CONVERSION = YES;
				CLANG_WARN_OBJC_ROOT_CLASS = YES_ERROR;
				CLANG_WARN_RANGE_LOOP_ANALYSIS = YES;
				CLANG_WARN_STRICT_PROTOTYPES = YES;
				CLANG_WARN_SUSPICIOUS_MOVE = YES;
				CLANG_WARN_UNGUARDED_AVAILABILITY = YES_AGGRESSIVE;
				CLANG_WARN_UNREACHABLE_CODE = YES;
				CLANG_WARN__DUPLICATE_METHOD_MATCH = YES;
				CODE_SIGN_IDENTITY = "iPhone Developer";
				COPY_PHASE_STRIP = NO;
				DEBUG_INFORMATION_FORMAT = dwarf;
				ENABLE_STRICT_OBJC_MSGSEND = YES;
				ENABLE_TESTABILITY = YES;
				GCC_C_LANGUAGE_STANDARD = gnu11;
				GCC_DYNAMIC_NO_PIC = NO;
				GCC_NO_COMMON_BLOCKS = YES;
				GCC_OPTIMIZATION_LEVEL = 0;
				GCC_PREPROCESSOR_DEFINITIONS = (
					"DEBUG=1",
					"$(inherited)",
				);
				GCC_WARN_64_TO_32_BIT_CONVERSION = YES;
				GCC_WARN_ABOUT_RETURN_TYPE = YES_ERROR;
				GCC_WARN_UNDECLARED_SELECTOR = YES;
				GCC_WARN_UNINITIALIZED_AUTOS = YES_AGGRESSIVE;
				GCC_WARN_UNUSED_FUNCTION = YES;
				GCC_WARN_UNUSED_VARIABLE = YES;
				IPHONEOS_DEPLOYMENT_TARGET = 12.2;
				MTL_ENABLE_DEBUG_INFO = INCLUDE_SOURCE;
				MTL_FAST_MATH = YES;
				ONLY_ACTIVE_ARCH = YES;
				SDKROOT = iphoneos;
				SWIFT_ACTIVE_COMPILATION_CONDITIONS = DEBUG;
				SWIFT_OPTIMIZATION_LEVEL = "-Onone";
			};
			name = Debug;
		};
		A9DEF58122B700F600FB46AA /* Release */ = {
			isa = XCBuildConfiguration;
			buildSettings = {
				ALWAYS_SEARCH_USER_PATHS = NO;
				CLANG_ANALYZER_NONNULL = YES;
				CLANG_ANALYZER_NUMBER_OBJECT_CONVERSION = YES_AGGRESSIVE;
				CLANG_CXX_LANGUAGE_STANDARD = "gnu++14";
				CLANG_CXX_LIBRARY = "libc++";
				CLANG_ENABLE_MODULES = YES;
				CLANG_ENABLE_OBJC_ARC = YES;
				CLANG_ENABLE_OBJC_WEAK = YES;
				CLANG_WARN_BLOCK_CAPTURE_AUTORELEASING = YES;
				CLANG_WARN_BOOL_CONVERSION = YES;
				CLANG_WARN_COMMA = YES;
				CLANG_WARN_CONSTANT_CONVERSION = YES;
				CLANG_WARN_DEPRECATED_OBJC_IMPLEMENTATIONS = YES;
				CLANG_WARN_DIRECT_OBJC_ISA_USAGE = YES_ERROR;
				CLANG_WARN_DOCUMENTATION_COMMENTS = YES;
				CLANG_WARN_EMPTY_BODY = YES;
				CLANG_WARN_ENUM_CONVERSION = YES;
				CLANG_WARN_INFINITE_RECURSION = YES;
				CLANG_WARN_INT_CONVERSION = YES;
				CLANG_WARN_NON_LITERAL_NULL_CONVERSION = YES;
				CLANG_WARN_OBJC_IMPLICIT_RETAIN_SELF = YES;
				CLANG_WARN_OBJC_LITERAL_CONVERSION = YES;
				CLANG_WARN_OBJC_ROOT_CLASS = YES_ERROR;
				CLANG_WARN_RANGE_LOOP_ANALYSIS = YES;
				CLANG_WARN_STRICT_PROTOTYPES = YES;
				CLANG_WARN_SUSPICIOUS_MOVE = YES;
				CLANG_WARN_UNGUARDED_AVAILABILITY = YES_AGGRESSIVE;
				CLANG_WARN_UNREACHABLE_CODE = YES;
				CLANG_WARN__DUPLICATE_METHOD_MATCH = YES;
				CODE_SIGN_IDENTITY = "iPhone Developer";
				COPY_PHASE_STRIP = NO;
				DEBUG_INFORMATION_FORMAT = "dwarf-with-dsym";
				ENABLE_NS_ASSERTIONS = NO;
				ENABLE_STRICT_OBJC_MSGSEND = YES;
				GCC_C_LANGUAGE_STANDARD = gnu11;
				GCC_NO_COMMON_BLOCKS = YES;
				GCC_WARN_64_TO_32_BIT_CONVERSION = YES;
				GCC_WARN_ABOUT_RETURN_TYPE = YES_ERROR;
				GCC_WARN_UNDECLARED_SELECTOR = YES;
				GCC_WARN_UNINITIALIZED_AUTOS = YES_AGGRESSIVE;
				GCC_WARN_UNUSED_FUNCTION = YES;
				GCC_WARN_UNUSED_VARIABLE = YES;
				IPHONEOS_DEPLOYMENT_TARGET = 12.2;
				MTL_ENABLE_DEBUG_INFO = NO;
				MTL_FAST_MATH = YES;
				SDKROOT = iphoneos;
				SWIFT_COMPILATION_MODE = wholemodule;
				SWIFT_OPTIMIZATION_LEVEL = "-O";
				VALIDATE_PRODUCT = YES;
			};
			name = Release;
		};
		A9DEF58322B700F600FB46AA /* Debug */ = {
			isa = XCBuildConfiguration;
			buildSettings = {
				ASSETCATALOG_COMPILER_APPICON_NAME = AppIcon;
				CODE_SIGN_STYLE = Automatic;
				DEVELOPMENT_TEAM = X26KEEKDP3;
				INFOPLIST_FILE = MergeChangesPlay/Info.plist;
				LD_RUNPATH_SEARCH_PATHS = (
					"$(inherited)",
					"@executable_path/Frameworks",
				);
				PRODUCT_BUNDLE_IDENTIFIER = com.headnix.MergeChangesPlay;
				PRODUCT_NAME = "$(TARGET_NAME)";
				SWIFT_VERSION = 5.0;
				TARGETED_DEVICE_FAMILY = "1,2";
			};
			name = Debug;
		};
		A9DEF58422B700F600FB46AA /* Release */ = {
			isa = XCBuildConfiguration;
			buildSettings = {
				ASSETCATALOG_COMPILER_APPICON_NAME = AppIcon;
				CODE_SIGN_STYLE = Automatic;
				DEVELOPMENT_TEAM = X26KEEKDP3;
				INFOPLIST_FILE = MergeChangesPlay/Info.plist;
				LD_RUNPATH_SEARCH_PATHS = (
					"$(inherited)",
					"@executable_path/Frameworks",
				);
				PRODUCT_BUNDLE_IDENTIFIER = com.headnix.MergeChangesPlay;
				PRODUCT_NAME = "$(TARGET_NAME)";
				SWIFT_VERSION = 5.0;
				TARGETED_DEVICE_FAMILY = "1,2";
			};
			name = Release;
		};
		A9DEF58622B700F600FB46AA /* Debug */ = {
			isa = XCBuildConfiguration;
			buildSettings = {
				ALWAYS_EMBED_SWIFT_STANDARD_LIBRARIES = YES;
				BUNDLE_LOADER = "$(TEST_HOST)";
				CODE_SIGN_STYLE = Automatic;
				DEVELOPMENT_TEAM = X26KEEKDP3;
				INFOPLIST_FILE = MergeChangesPlayTests/Info.plist;
				LD_RUNPATH_SEARCH_PATHS = (
					"$(inherited)",
					"@executable_path/Frameworks",
					"@loader_path/Frameworks",
				);
				PRODUCT_BUNDLE_IDENTIFIER = com.headnix.MergeChangesPlayTests;
				PRODUCT_NAME = "$(TARGET_NAME)";
				SWIFT_VERSION = 5.0;
				TARGETED_DEVICE_FAMILY = "1,2";
				TEST_HOST = "$(BUILT_PRODUCTS_DIR)/MergeChangesPlay.app/MergeChangesPlay";
			};
			name = Debug;
		};
		A9DEF58722B700F600FB46AA /* Release */ = {
			isa = XCBuildConfiguration;
			buildSettings = {
				ALWAYS_EMBED_SWIFT_STANDARD_LIBRARIES = YES;
				BUNDLE_LOADER = "$(TEST_HOST)";
				CODE_SIGN_STYLE = Automatic;
				DEVELOPMENT_TEAM = X26KEEKDP3;
				INFOPLIST_FILE = MergeChangesPlayTests/Info.plist;
				LD_RUNPATH_SEARCH_PATHS = (
					"$(inherited)",
					"@executable_path/Frameworks",
					"@loader_path/Frameworks",
				);
				PRODUCT_BUNDLE_IDENTIFIER = com.headnix.MergeChangesPlayTests;
				PRODUCT_NAME = "$(TARGET_NAME)";
				SWIFT_VERSION = 5.0;
				TARGETED_DEVICE_FAMILY = "1,2";
				TEST_HOST = "$(BUILT_PRODUCTS_DIR)/MergeChangesPlay.app/MergeChangesPlay";
			};
			name = Release;
		};
/* End XCBuildConfiguration section */

/* Begin XCConfigurationList section */
		A9DEF55B22B700F500FB46AA /* Build configuration list for PBXProject "MergeChangesPlay" */ = {
			isa = XCConfigurationList;
			buildConfigurations = (
				A9DEF58022B700F600FB46AA /* Debug */,
				A9DEF58122B700F600FB46AA /* Release */,
			);
			defaultConfigurationIsVisible = 0;
			defaultConfigurationName = Release;
		};
		A9DEF58222B700F600FB46AA /* Build configuration list for PBXNativeTarget "MergeChangesPlay" */ = {
			isa = XCConfigurationList;
			buildConfigurations = (
				A9DEF58322B700F600FB46AA /* Debug */,
				A9DEF58422B700F600FB46AA /* Release */,
			);
			defaultConfigurationIsVisible = 0;
			defaultConfigurationName = Release;
		};
		A9DEF58522B700F600FB46AA /* Build configuration list for PBXNativeTarget "MergeChangesPlayTests" */ = {
			isa = XCConfigurationList;
			buildConfigurations = (
				A9DEF58622B700F600FB46AA /* Debug */,
				A9DEF58722B700F600FB46AA /* Release */,
			);
			defaultConfigurationIsVisible = 0;
			defaultConfigurationName = Release;
		};
/* End XCConfigurationList section */

/* Begin XCVersionGroup section */
		A9DEF56522B700F500FB46AA /* MergeChangesPlay.xcdatamodeld */ = {
			isa = XCVersionGroup;
			children = (
				A9DEF56622B700F500FB46AA /* MergeChangesPlay.xcdatamodel */,
			);
			currentVersion = A9DEF56622B700F500FB46AA /* MergeChangesPlay.xcdatamodel */;
			path = MergeChangesPlay.xcdatamodeld;
			sourceTree = "<group>";
			versionGroupType = wrapper.xcdatamodel;
		};
/* End XCVersionGroup section */
	};
	rootObject = A9DEF55822B700F500FB46AA /* Project object */;
}
